# @generated by Move, please check-in and do not edit manually.

[move]
version = 3
manifest_digest = "975805F449B6E0458457876BD244B859E21D6732E08E8E83F58F093E207D4D3E"
deps_digest = "3C4103934B1E040BB6B23F1D610B4EF9F2F1166A50A104EADCF77467C004C600"
dependencies = [
  { id = "MoveStdlib", name = "MoveStdlib" },
  { id = "Sui", name = "Sui" },
]

[[move.package]]
id = "MoveStdlib"
source = { git = "https://github.com/MystenLabs/sui.git", rev = "framework/testnet", subdir = "crates/sui-framework/packages/move-stdlib" }

[[move.package]]
id = "Sui"
source = { git = "https://github.com/MystenLabs/sui.git", rev = "framework/testnet", subdir = "crates/sui-framework/packages/sui-framework" }

dependencies = [
  { id = "MoveStdlib", name = "MoveStdlib" },
]

[move.toolchain-version]
compiler-version = "1.49.1"
edition = "2024.beta"
flavor = "sui"

[env]

[env.testnet]
chain-id = "4c78adac"
original-published-id = "0x64d66636cc496ed3d788f4555413fd972f7e8c59f46ef35ffb62b6a7b16af803"
latest-published-id = "0x64d66636cc496ed3d788f4555413fd972f7e8c59f46ef35ffb62b6a7b16af803"
published-version = "1"
